
Microsoft Visual Studio Solution File, Format Version 12.00
# Visual Studio Version 16
VisualStudioVersion = 16.0.29009.5
MinimumVisualStudioVersion = 10.0.40219.1
Project("{FAE04EC0-301F-11D3-BF4B-00C04F79EFBC}") = "labs_01", "labs_01\labs_01.csproj", "{A6A25295-741D-44B8-B25E-F27CFBE5E0F6}"
EndProject
Project("{FAE04EC0-301F-11D3-BF4B-00C04F79EFBC}") = "Lab_2.1", "Lab_2.1\Lab_2.1.csproj", "{00C14B54-0370-47F4-873C-07FADA122142}"
EndProject
Global
	GlobalSection(SolutionConfigurationPlatforms) = preSolution
		Debug|Any CPU = Debug|Any CPU
		Release|Any CPU = Release|Any CPU
	EndGlobalSection
	GlobalSection(ProjectConfigurationPlatforms) = postSolution
		{A6A25295-741D-44B8-B25E-F27CFBE5E0F6}.Debug|Any CPU.ActiveCfg = Debug|Any CPU
		{A6A25295-741D-44B8-B25E-F27CFBE5E0F6}.Debug|Any CPU.Build.0 = Debug|Any CPU
		{A6A25295-741D-44B8-B25E-F27CFBE5E0F6}.Release|Any CPU.ActiveCfg = Release|Any CPU
		{A6A25295-741D-44B8-B25E-F27CFBE5E0F6}.Release|Any CPU.Build.0 = Release|Any CPU
		{00C14B54-0370-47F4-873C-07FADA122142}.Debug|Any CPU.ActiveCfg = Debug|Any CPU
		{00C14B54-0370-47F4-873C-07FADA122142}.Debug|Any CPU.Build.0 = Debug|Any CPU
		{00C14B54-0370-47F4-873C-07FADA122142}.Release|Any CPU.ActiveCfg = Release|Any CPU
		{00C14B54-0370-47F4-873C-07FADA122142}.Release|Any CPU.Build.0 = Release|Any CPU
	EndGlobalSection
	GlobalSection(SolutionProperties) = preSolution
		HideSolutionNode = FALSE
	EndGlobalSection
	GlobalSection(ExtensibilityGlobals) = postSolution
		SolutionGuid = {DB2C37D2-700E-4BB6-967C-A97D14FE1E05}
	EndGlobalSection
EndGlobal
